// !$*UTF8*$!
{
	archiveVersion = 1;
	classes = {
	};
	objectVersion = 52;
	objects = {

/* Begin PBXBuildFile section */
		6A66357F23E5D58900F47009 /* Assets.xcassets in Resources */ = {isa = PBXBuildFile; fileRef = 6A66357E23E5D58900F47009 /* Assets.xcassets */; };
		6A66358223E5D58900F47009 /* LaunchScreen.storyboard in Resources */ = {isa = PBXBuildFile; fileRef = 6A66358023E5D58900F47009 /* LaunchScreen.storyboard */; };
		6A66358D23E5D58900F47009 /* PopularGithubRepositoriesTests.swift in Sources */ = {isa = PBXBuildFile; fileRef = 6A66358C23E5D58900F47009 /* PopularGithubRepositoriesTests.swift */; };
		6A66359B23E5D73B00F47009 /* Default-568h@2x.png in Resources */ = {isa = PBXBuildFile; fileRef = 6A66359A23E5D73B00F47009 /* Default-568h@2x.png */; };
		6A66359F23E5DD4500F47009 /* ServiceProtocol.swift in Sources */ = {isa = PBXBuildFile; fileRef = 6A66359E23E5DD4500F47009 /* ServiceProtocol.swift */; };
		6A6635A223E5DD8300F47009 /* NetworkEnumComponents.swift in Sources */ = {isa = PBXBuildFile; fileRef = 6A6635A123E5DD8300F47009 /* NetworkEnumComponents.swift */; };
		6A6635A523E5DDBD00F47009 /* Typealias.swift in Sources */ = {isa = PBXBuildFile; fileRef = 6A6635A423E5DDBD00F47009 /* Typealias.swift */; };
		6A6635A923E5E06D00F47009 /* URLSessionProtocol.swift in Sources */ = {isa = PBXBuildFile; fileRef = 6A6635A823E5E06D00F47009 /* URLSessionProtocol.swift */; };
		6A6635AC23E5E12600F47009 /* URLSessionExtension.swift in Sources */ = {isa = PBXBuildFile; fileRef = 6A6635AB23E5E12600F47009 /* URLSessionExtension.swift */; };
		6A6635AE23E5E13800F47009 /* URLRequestExtention.swift in Sources */ = {isa = PBXBuildFile; fileRef = 6A6635AD23E5E13800F47009 /* URLRequestExtention.swift */; };
		6A6635B023E5E15000F47009 /* URLComponentsExtension.swift in Sources */ = {isa = PBXBuildFile; fileRef = 6A6635AF23E5E15000F47009 /* URLComponentsExtension.swift */; };
		6A6635B223E5E26000F47009 /* NetworkServerClient.swift in Sources */ = {isa = PBXBuildFile; fileRef = 6A6635B123E5E26000F47009 /* NetworkServerClient.swift */; };
		6A6635B723E60EFC00F47009 /* URLComponentsExtensionTests.swift in Sources */ = {isa = PBXBuildFile; fileRef = 6A6635B623E60EFC00F47009 /* URLComponentsExtensionTests.swift */; };
		6A6635B923E617E800F47009 /* URLRequestExtentionTests.swift in Sources */ = {isa = PBXBuildFile; fileRef = 6A6635B823E617E800F47009 /* URLRequestExtentionTests.swift */; };
		6A6635C123E61E3B00F47009 /* PopularRepositoriesService.swift in Sources */ = {isa = PBXBuildFile; fileRef = 6A6635C023E61E3B00F47009 /* PopularRepositoriesService.swift */; };
		6A6635C323E626DF00F47009 /* SearchResponse.swift in Sources */ = {isa = PBXBuildFile; fileRef = 6A6635C223E626DF00F47009 /* SearchResponse.swift */; };
		6A6635C523E6273000F47009 /* Repository.swift in Sources */ = {isa = PBXBuildFile; fileRef = 6A6635C423E6273000F47009 /* Repository.swift */; };
		6A6635C723E627FC00F47009 /* Owner.swift in Sources */ = {isa = PBXBuildFile; fileRef = 6A6635C623E627FC00F47009 /* Owner.swift */; };
		6A6635C923E6FC9600F47009 /* RepositoriesListViewModel.swift in Sources */ = {isa = PBXBuildFile; fileRef = 6A6635C823E6FC9600F47009 /* RepositoriesListViewModel.swift */; };
		6A6635CB23E7017600F47009 /* Bindable.swift in Sources */ = {isa = PBXBuildFile; fileRef = 6A6635CA23E7017600F47009 /* Bindable.swift */; };
		6A6635CE23E708BF00F47009 /* BindableTests.swift in Sources */ = {isa = PBXBuildFile; fileRef = 6A6635CD23E708BF00F47009 /* BindableTests.swift */; };
		6A6635D223E7094300F47009 /* RepositoriesListViewModelTests.swift in Sources */ = {isa = PBXBuildFile; fileRef = 6A6635D123E7094300F47009 /* RepositoriesListViewModelTests.swift */; };
		6A6635D423E70ABB00F47009 /* MockData.swift in Sources */ = {isa = PBXBuildFile; fileRef = 6A6635D323E70ABB00F47009 /* MockData.swift */; };
		6A6635D723E70FF300F47009 /* Coordinator.swift in Sources */ = {isa = PBXBuildFile; fileRef = 6A6635D623E70FF300F47009 /* Coordinator.swift */; };
		6A6635DA23E710F800F47009 /* RepositoriesListViewController.swift in Sources */ = {isa = PBXBuildFile; fileRef = 6A6635D823E710F800F47009 /* RepositoriesListViewController.swift */; };
		6A6635DB23E710F800F47009 /* RepositoriesListViewController.xib in Resources */ = {isa = PBXBuildFile; fileRef = 6A6635D923E710F800F47009 /* RepositoriesListViewController.xib */; };
		6A6635DD23E7113200F47009 /* RepositoriesListCoordinator.swift in Sources */ = {isa = PBXBuildFile; fileRef = 6A6635DC23E7113200F47009 /* RepositoriesListCoordinator.swift */; };
		6A6635DF23E7130700F47009 /* AppDelegate.swift in Sources */ = {isa = PBXBuildFile; fileRef = 6A6635DE23E7130700F47009 /* AppDelegate.swift */; };
		6A6635E323E75B3900F47009 /* RepositoryTableViewCell.swift in Sources */ = {isa = PBXBuildFile; fileRef = 6A6635E123E75B3900F47009 /* RepositoryTableViewCell.swift */; };
		6A6635E423E75B3900F47009 /* RepositoryTableViewCell.xib in Resources */ = {isa = PBXBuildFile; fileRef = 6A6635E223E75B3900F47009 /* RepositoryTableViewCell.xib */; };
		6A6635E623E75FC500F47009 /* RepositoryCellViewModel.swift in Sources */ = {isa = PBXBuildFile; fileRef = 6A6635E523E75FC500F47009 /* RepositoryCellViewModel.swift */; };
		6A6635E923E76F4D00F47009 /* Nuke in Frameworks */ = {isa = PBXBuildFile; productRef = 6A6635E823E76F4D00F47009 /* Nuke */; };
		6AB260C223E89A5B008B8F51 /* RepositoryDetailsViewModel.swift in Sources */ = {isa = PBXBuildFile; fileRef = 6AB260C123E89A5B008B8F51 /* RepositoryDetailsViewModel.swift */; };
		6AB260C423E89E83008B8F51 /* RepositoryDetailsService.swift in Sources */ = {isa = PBXBuildFile; fileRef = 6AB260C323E89E83008B8F51 /* RepositoryDetailsService.swift */; };
		6AB260C723E8A785008B8F51 /* RepositoryDetialsViewModelTests.swift in Sources */ = {isa = PBXBuildFile; fileRef = 6AB260C623E8A785008B8F51 /* RepositoryDetialsViewModelTests.swift */; };
/* End PBXBuildFile section */

/* Begin PBXContainerItemProxy section */
		6A66358923E5D58900F47009 /* PBXContainerItemProxy */ = {
			isa = PBXContainerItemProxy;
			containerPortal = 6A66356A23E5D58800F47009 /* Project object */;
			proxyType = 1;
			remoteGlobalIDString = 6A66357123E5D58800F47009;
			remoteInfo = PopularGithubRepositories;
		};
/* End PBXContainerItemProxy section */

/* Begin PBXFileReference section */
		6A66357223E5D58800F47009 /* PopularGithubRepositories.app */ = {isa = PBXFileReference; explicitFileType = wrapper.application; includeInIndex = 0; path = PopularGithubRepositories.app; sourceTree = BUILT_PRODUCTS_DIR; };
		6A66357E23E5D58900F47009 /* Assets.xcassets */ = {isa = PBXFileReference; lastKnownFileType = folder.assetcatalog; path = Assets.xcassets; sourceTree = "<group>"; };
		6A66358123E5D58900F47009 /* Base */ = {isa = PBXFileReference; lastKnownFileType = file.storyboard; name = Base; path = Base.lproj/LaunchScreen.storyboard; sourceTree = "<group>"; };
		6A66358323E5D58900F47009 /* Info.plist */ = {isa = PBXFileReference; lastKnownFileType = text.plist.xml; path = Info.plist; sourceTree = "<group>"; };
		6A66358823E5D58900F47009 /* PopularGithubRepositoriesTests.xctest */ = {isa = PBXFileReference; explicitFileType = wrapper.cfbundle; includeInIndex = 0; path = PopularGithubRepositoriesTests.xctest; sourceTree = BUILT_PRODUCTS_DIR; };
		6A66358C23E5D58900F47009 /* PopularGithubRepositoriesTests.swift */ = {isa = PBXFileReference; lastKnownFileType = sourcecode.swift; path = PopularGithubRepositoriesTests.swift; sourceTree = "<group>"; };
		6A66358E23E5D58900F47009 /* Info.plist */ = {isa = PBXFileReference; lastKnownFileType = text.plist.xml; path = Info.plist; sourceTree = "<group>"; };
		6A66359A23E5D73B00F47009 /* Default-568h@2x.png */ = {isa = PBXFileReference; lastKnownFileType = image.png; path = "Default-568h@2x.png"; sourceTree = "<group>"; };
		6A66359E23E5DD4500F47009 /* ServiceProtocol.swift */ = {isa = PBXFileReference; lastKnownFileType = sourcecode.swift; path = ServiceProtocol.swift; sourceTree = "<group>"; };
		6A6635A123E5DD8300F47009 /* NetworkEnumComponents.swift */ = {isa = PBXFileReference; lastKnownFileType = sourcecode.swift; path = NetworkEnumComponents.swift; sourceTree = "<group>"; };
		6A6635A423E5DDBD00F47009 /* Typealias.swift */ = {isa = PBXFileReference; lastKnownFileType = sourcecode.swift; path = Typealias.swift; sourceTree = "<group>"; };
		6A6635A823E5E06D00F47009 /* URLSessionProtocol.swift */ = {isa = PBXFileReference; lastKnownFileType = sourcecode.swift; path = URLSessionProtocol.swift; sourceTree = "<group>"; };
		6A6635AB23E5E12600F47009 /* URLSessionExtension.swift */ = {isa = PBXFileReference; lastKnownFileType = sourcecode.swift; path = URLSessionExtension.swift; sourceTree = "<group>"; };
		6A6635AD23E5E13800F47009 /* URLRequestExtention.swift */ = {isa = PBXFileReference; lastKnownFileType = sourcecode.swift; path = URLRequestExtention.swift; sourceTree = "<group>"; };
		6A6635AF23E5E15000F47009 /* URLComponentsExtension.swift */ = {isa = PBXFileReference; lastKnownFileType = sourcecode.swift; path = URLComponentsExtension.swift; sourceTree = "<group>"; };
		6A6635B123E5E26000F47009 /* NetworkServerClient.swift */ = {isa = PBXFileReference; lastKnownFileType = sourcecode.swift; path = NetworkServerClient.swift; sourceTree = "<group>"; };
		6A6635B623E60EFC00F47009 /* URLComponentsExtensionTests.swift */ = {isa = PBXFileReference; lastKnownFileType = sourcecode.swift; path = URLComponentsExtensionTests.swift; sourceTree = "<group>"; };
		6A6635B823E617E800F47009 /* URLRequestExtentionTests.swift */ = {isa = PBXFileReference; lastKnownFileType = sourcecode.swift; path = URLRequestExtentionTests.swift; sourceTree = "<group>"; };
		6A6635C023E61E3B00F47009 /* PopularRepositoriesService.swift */ = {isa = PBXFileReference; lastKnownFileType = sourcecode.swift; path = PopularRepositoriesService.swift; sourceTree = "<group>"; };
		6A6635C223E626DF00F47009 /* SearchResponse.swift */ = {isa = PBXFileReference; lastKnownFileType = sourcecode.swift; path = SearchResponse.swift; sourceTree = "<group>"; };
		6A6635C423E6273000F47009 /* Repository.swift */ = {isa = PBXFileReference; lastKnownFileType = sourcecode.swift; path = Repository.swift; sourceTree = "<group>"; };
		6A6635C623E627FC00F47009 /* Owner.swift */ = {isa = PBXFileReference; lastKnownFileType = sourcecode.swift; path = Owner.swift; sourceTree = "<group>"; };
		6A6635C823E6FC9600F47009 /* RepositoriesListViewModel.swift */ = {isa = PBXFileReference; lastKnownFileType = sourcecode.swift; path = RepositoriesListViewModel.swift; sourceTree = "<group>"; };
		6A6635CA23E7017600F47009 /* Bindable.swift */ = {isa = PBXFileReference; lastKnownFileType = sourcecode.swift; path = Bindable.swift; sourceTree = "<group>"; };
		6A6635CD23E708BF00F47009 /* BindableTests.swift */ = {isa = PBXFileReference; lastKnownFileType = sourcecode.swift; path = BindableTests.swift; sourceTree = "<group>"; };
		6A6635D123E7094300F47009 /* RepositoriesListViewModelTests.swift */ = {isa = PBXFileReference; lastKnownFileType = sourcecode.swift; path = RepositoriesListViewModelTests.swift; sourceTree = "<group>"; };
		6A6635D323E70ABB00F47009 /* MockData.swift */ = {isa = PBXFileReference; lastKnownFileType = sourcecode.swift; path = MockData.swift; sourceTree = "<group>"; };
		6A6635D623E70FF300F47009 /* Coordinator.swift */ = {isa = PBXFileReference; lastKnownFileType = sourcecode.swift; path = Coordinator.swift; sourceTree = "<group>"; };
		6A6635D823E710F800F47009 /* RepositoriesListViewController.swift */ = {isa = PBXFileReference; lastKnownFileType = sourcecode.swift; path = RepositoriesListViewController.swift; sourceTree = "<group>"; };
		6A6635D923E710F800F47009 /* RepositoriesListViewController.xib */ = {isa = PBXFileReference; lastKnownFileType = file.xib; path = RepositoriesListViewController.xib; sourceTree = "<group>"; };
		6A6635DC23E7113200F47009 /* RepositoriesListCoordinator.swift */ = {isa = PBXFileReference; lastKnownFileType = sourcecode.swift; path = RepositoriesListCoordinator.swift; sourceTree = "<group>"; };
		6A6635DE23E7130700F47009 /* AppDelegate.swift */ = {isa = PBXFileReference; fileEncoding = 4; lastKnownFileType = sourcecode.swift; path = AppDelegate.swift; sourceTree = "<group>"; };
		6A6635E123E75B3900F47009 /* RepositoryTableViewCell.swift */ = {isa = PBXFileReference; lastKnownFileType = sourcecode.swift; path = RepositoryTableViewCell.swift; sourceTree = "<group>"; };
		6A6635E223E75B3900F47009 /* RepositoryTableViewCell.xib */ = {isa = PBXFileReference; lastKnownFileType = file.xib; path = RepositoryTableViewCell.xib; sourceTree = "<group>"; };
		6A6635E523E75FC500F47009 /* RepositoryCellViewModel.swift */ = {isa = PBXFileReference; lastKnownFileType = sourcecode.swift; path = RepositoryCellViewModel.swift; sourceTree = "<group>"; };
		6AB260C123E89A5B008B8F51 /* RepositoryDetailsViewModel.swift */ = {isa = PBXFileReference; lastKnownFileType = sourcecode.swift; path = RepositoryDetailsViewModel.swift; sourceTree = "<group>"; };
		6AB260C323E89E83008B8F51 /* RepositoryDetailsService.swift */ = {isa = PBXFileReference; lastKnownFileType = sourcecode.swift; path = RepositoryDetailsService.swift; sourceTree = "<group>"; };
		6AB260C623E8A785008B8F51 /* RepositoryDetialsViewModelTests.swift */ = {isa = PBXFileReference; lastKnownFileType = sourcecode.swift; path = RepositoryDetialsViewModelTests.swift; sourceTree = "<group>"; };
/* End PBXFileReference section */

/* Begin PBXFrameworksBuildPhase section */
		6A66356F23E5D58800F47009 /* Frameworks */ = {
			isa = PBXFrameworksBuildPhase;
			buildActionMask = 2147483647;
			files = (
				6A6635E923E76F4D00F47009 /* Nuke in Frameworks */,
			);
			runOnlyForDeploymentPostprocessing = 0;
		};
		6A66358523E5D58900F47009 /* Frameworks */ = {
			isa = PBXFrameworksBuildPhase;
			buildActionMask = 2147483647;
			files = (
			);
			runOnlyForDeploymentPostprocessing = 0;
		};
/* End PBXFrameworksBuildPhase section */

/* Begin PBXGroup section */
		6A66356923E5D58800F47009 = {
			isa = PBXGroup;
			children = (
				6A66357423E5D58800F47009 /* PopularGithubRepositories */,
				6A66358B23E5D58900F47009 /* PopularGithubRepositoriesTests */,
				6A66357323E5D58800F47009 /* Products */,
			);
			sourceTree = "<group>";
		};
		6A66357323E5D58800F47009 /* Products */ = {
			isa = PBXGroup;
			children = (
				6A66357223E5D58800F47009 /* PopularGithubRepositories.app */,
				6A66358823E5D58900F47009 /* PopularGithubRepositoriesTests.xctest */,
			);
			name = Products;
			sourceTree = "<group>";
		};
		6A66357423E5D58800F47009 /* PopularGithubRepositories */ = {
			isa = PBXGroup;
			children = (
				6A66359723E5D6A700F47009 /* Application */,
				6A66359823E5D6AE00F47009 /* Modules */,
				6A66359923E5D6B500F47009 /* Network */,
			);
			path = PopularGithubRepositories;
			sourceTree = "<group>";
		};
		6A66358B23E5D58900F47009 /* PopularGithubRepositoriesTests */ = {
			isa = PBXGroup;
			children = (
				6A6635CF23E7091100F47009 /* Modules */,
				6A6635CC23E708A800F47009 /* Application  */,
				6A6635B323E5E32F00F47009 /* Network */,
				6A66358C23E5D58900F47009 /* PopularGithubRepositoriesTests.swift */,
				6A66358E23E5D58900F47009 /* Info.plist */,
			);
			path = PopularGithubRepositoriesTests;
			sourceTree = "<group>";
		};
		6A66359723E5D6A700F47009 /* Application */ = {
			isa = PBXGroup;
			children = (
				6A6635DE23E7130700F47009 /* AppDelegate.swift */,
				6A66358323E5D58900F47009 /* Info.plist */,
				6A6635D523E70FD900F47009 /* Protocols */,
				6A6635A323E5DDAE00F47009 /* Helpers */,
				6A66359C23E5D75000F47009 /* Resources */,
			);
			path = Application;
			sourceTree = "<group>";
		};
		6A66359823E5D6AE00F47009 /* Modules */ = {
			isa = PBXGroup;
			children = (
				6AB260BB23E8992B008B8F51 /* RepositoryDetails */,
				6A6635BA23E619C600F47009 /* RepositoriesList */,
			);
			path = Modules;
			sourceTree = "<group>";
		};
		6A66359923E5D6B500F47009 /* Network */ = {
			isa = PBXGroup;
			children = (
				6A6635B123E5E26000F47009 /* NetworkServerClient.swift */,
				6A6635AA23E5E0EF00F47009 /* Extensions */,
				6A6635A023E5DD6000F47009 /* Helpers */,
				6A66359D23E5D8CB00F47009 /* Protocols */,
			);
			path = Network;
			sourceTree = "<group>";
		};
		6A66359C23E5D75000F47009 /* Resources */ = {
			isa = PBXGroup;
			children = (
				6A66359A23E5D73B00F47009 /* Default-568h@2x.png */,
				6A66358023E5D58900F47009 /* LaunchScreen.storyboard */,
				6A66357E23E5D58900F47009 /* Assets.xcassets */,
			);
			path = Resources;
			sourceTree = "<group>";
		};
		6A66359D23E5D8CB00F47009 /* Protocols */ = {
			isa = PBXGroup;
			children = (
				6A66359E23E5DD4500F47009 /* ServiceProtocol.swift */,
				6A6635A823E5E06D00F47009 /* URLSessionProtocol.swift */,
			);
			path = Protocols;
			sourceTree = "<group>";
		};
		6A6635A023E5DD6000F47009 /* Helpers */ = {
			isa = PBXGroup;
			children = (
				6A6635A123E5DD8300F47009 /* NetworkEnumComponents.swift */,
			);
			path = Helpers;
			sourceTree = "<group>";
		};
		6A6635A323E5DDAE00F47009 /* Helpers */ = {
			isa = PBXGroup;
			children = (
				6A6635A423E5DDBD00F47009 /* Typealias.swift */,
				6A6635CA23E7017600F47009 /* Bindable.swift */,
			);
			path = Helpers;
			sourceTree = "<group>";
		};
		6A6635AA23E5E0EF00F47009 /* Extensions */ = {
			isa = PBXGroup;
			children = (
				6A6635AF23E5E15000F47009 /* URLComponentsExtension.swift */,
				6A6635AD23E5E13800F47009 /* URLRequestExtention.swift */,
				6A6635AB23E5E12600F47009 /* URLSessionExtension.swift */,
			);
			path = Extensions;
			sourceTree = "<group>";
		};
		6A6635B323E5E32F00F47009 /* Network */ = {
			isa = PBXGroup;
			children = (
				6A6635B623E60EFC00F47009 /* URLComponentsExtensionTests.swift */,
				6A6635B823E617E800F47009 /* URLRequestExtentionTests.swift */,
			);
			path = Network;
			sourceTree = "<group>";
		};
		6A6635BA23E619C600F47009 /* RepositoriesList */ = {
			isa = PBXGroup;
			children = (
				6A6635BB23E619E800F47009 /* Models */,
				6A6635BC23E619EE00F47009 /* Views */,
				6A6635BD23E619F400F47009 /* ViewModels */,
				6A6635BF23E61CF500F47009 /* Services */,
				6A6635BE23E619FA00F47009 /* Coordinators */,
			);
			path = RepositoriesList;
			sourceTree = "<group>";
		};
		6A6635BB23E619E800F47009 /* Models */ = {
			isa = PBXGroup;
			children = (
				6A6635C223E626DF00F47009 /* SearchResponse.swift */,
				6A6635C423E6273000F47009 /* Repository.swift */,
				6A6635C623E627FC00F47009 /* Owner.swift */,
			);
			path = Models;
			sourceTree = "<group>";
		};
		6A6635BC23E619EE00F47009 /* Views */ = {
			isa = PBXGroup;
			children = (
				6A6635E023E713BB00F47009 /* Cells */,
				6A6635D823E710F800F47009 /* RepositoriesListViewController.swift */,
				6A6635D923E710F800F47009 /* RepositoriesListViewController.xib */,
			);
			path = Views;
			sourceTree = "<group>";
		};
		6A6635BD23E619F400F47009 /* ViewModels */ = {
			isa = PBXGroup;
			children = (
				6A6635C823E6FC9600F47009 /* RepositoriesListViewModel.swift */,
				6A6635E523E75FC500F47009 /* RepositoryCellViewModel.swift */,
			);
			path = ViewModels;
			sourceTree = "<group>";
		};
		6A6635BE23E619FA00F47009 /* Coordinators */ = {
			isa = PBXGroup;
			children = (
				6A6635DC23E7113200F47009 /* RepositoriesListCoordinator.swift */,
			);
			path = Coordinators;
			sourceTree = "<group>";
		};
		6A6635BF23E61CF500F47009 /* Services */ = {
			isa = PBXGroup;
			children = (
				6A6635C023E61E3B00F47009 /* PopularRepositoriesService.swift */,
			);
			path = Services;
			sourceTree = "<group>";
		};
		6A6635CC23E708A800F47009 /* Application  */ = {
			isa = PBXGroup;
			children = (
				6A6635CD23E708BF00F47009 /* BindableTests.swift */,
			);
			path = "Application ";
			sourceTree = "<group>";
		};
		6A6635CF23E7091100F47009 /* Modules */ = {
			isa = PBXGroup;
			children = (
				6A6635D323E70ABB00F47009 /* MockData.swift */,
				6AB260C523E8A756008B8F51 /* Repository */,
				6A6635D023E7091700F47009 /* RepositoriesList */,
			);
			path = Modules;
			sourceTree = "<group>";
		};
		6A6635D023E7091700F47009 /* RepositoriesList */ = {
			isa = PBXGroup;
			children = (
				6A6635D123E7094300F47009 /* RepositoriesListViewModelTests.swift */,
			);
			path = RepositoriesList;
			sourceTree = "<group>";
		};
		6A6635D523E70FD900F47009 /* Protocols */ = {
			isa = PBXGroup;
			children = (
				6A6635D623E70FF300F47009 /* Coordinator.swift */,
			);
			path = Protocols;
			sourceTree = "<group>";
		};
		6A6635E023E713BB00F47009 /* Cells */ = {
			isa = PBXGroup;
			children = (
				6A6635E123E75B3900F47009 /* RepositoryTableViewCell.swift */,
				6A6635E223E75B3900F47009 /* RepositoryTableViewCell.xib */,
			);
			path = Cells;
			sourceTree = "<group>";
		};
		6AB260BB23E8992B008B8F51 /* RepositoryDetails */ = {
			isa = PBXGroup;
			children = (
				6AB260BE23E89962008B8F51 /* Views */,
				6AB260BD23E8995D008B8F51 /* ViewModels */,
				6AB260C023E8996F008B8F51 /* Services */,
				6AB260BC23E89953008B8F51 /* Coordinators */,
			);
			path = RepositoryDetails;
			sourceTree = "<group>";
		};
		6AB260BC23E89953008B8F51 /* Coordinators */ = {
			isa = PBXGroup;
			children = (
			);
			path = Coordinators;
			sourceTree = "<group>";
		};
		6AB260BD23E8995D008B8F51 /* ViewModels */ = {
			isa = PBXGroup;
			children = (
				6AB260C123E89A5B008B8F51 /* RepositoryDetailsViewModel.swift */,
			);
			path = ViewModels;
			sourceTree = "<group>";
		};
		6AB260BE23E89962008B8F51 /* Views */ = {
			isa = PBXGroup;
			children = (
			);
			path = Views;
			sourceTree = "<group>";
		};
		6AB260C023E8996F008B8F51 /* Services */ = {
			isa = PBXGroup;
			children = (
				6AB260C323E89E83008B8F51 /* RepositoryDetailsService.swift */,
			);
			path = Services;
			sourceTree = "<group>";
		};
		6AB260C523E8A756008B8F51 /* Repository */ = {
			isa = PBXGroup;
			children = (
				6AB260C623E8A785008B8F51 /* RepositoryDetialsViewModelTests.swift */,
			);
			path = Repository;
			sourceTree = "<group>";
		};
/* End PBXGroup section */

/* Begin PBXNativeTarget section */
		6A66357123E5D58800F47009 /* PopularGithubRepositories */ = {
			isa = PBXNativeTarget;
			buildConfigurationList = 6A66359123E5D58900F47009 /* Build configuration list for PBXNativeTarget "PopularGithubRepositories" */;
			buildPhases = (
				6A66356E23E5D58800F47009 /* Sources */,
				6A66356F23E5D58800F47009 /* Frameworks */,
				6A66357023E5D58800F47009 /* Resources */,
			);
			buildRules = (
			);
			dependencies = (
			);
			name = PopularGithubRepositories;
			packageProductDependencies = (
				6A6635E823E76F4D00F47009 /* Nuke */,
			);
			productName = PopularGithubRepositories;
			productReference = 6A66357223E5D58800F47009 /* PopularGithubRepositories.app */;
			productType = "com.apple.product-type.application";
		};
		6A66358723E5D58900F47009 /* PopularGithubRepositoriesTests */ = {
			isa = PBXNativeTarget;
			buildConfigurationList = 6A66359423E5D58900F47009 /* Build configuration list for PBXNativeTarget "PopularGithubRepositoriesTests" */;
			buildPhases = (
				6A66358423E5D58900F47009 /* Sources */,
				6A66358523E5D58900F47009 /* Frameworks */,
				6A66358623E5D58900F47009 /* Resources */,
			);
			buildRules = (
			);
			dependencies = (
				6A66358A23E5D58900F47009 /* PBXTargetDependency */,
			);
			name = PopularGithubRepositoriesTests;
			productName = PopularGithubRepositoriesTests;
			productReference = 6A66358823E5D58900F47009 /* PopularGithubRepositoriesTests.xctest */;
			productType = "com.apple.product-type.bundle.unit-test";
		};
/* End PBXNativeTarget section */

/* Begin PBXProject section */
		6A66356A23E5D58800F47009 /* Project object */ = {
			isa = PBXProject;
			attributes = {
				LastSwiftUpdateCheck = 1120;
				LastUpgradeCheck = 1120;
				ORGANIZATIONNAME = "Ayman Karram";
				TargetAttributes = {
					6A66357123E5D58800F47009 = {
						CreatedOnToolsVersion = 11.2.1;
					};
					6A66358723E5D58900F47009 = {
						CreatedOnToolsVersion = 11.2.1;
						TestTargetID = 6A66357123E5D58800F47009;
					};
				};
			};
			buildConfigurationList = 6A66356D23E5D58800F47009 /* Build configuration list for PBXProject "PopularGithubRepositories" */;
			compatibilityVersion = "Xcode 9.3";
			developmentRegion = en;
			hasScannedForEncodings = 0;
			knownRegions = (
				en,
				Base,
			);
			mainGroup = 6A66356923E5D58800F47009;
			packageReferences = (
				6A6635E723E76F4D00F47009 /* XCRemoteSwiftPackageReference "Nuke" */,
			);
			productRefGroup = 6A66357323E5D58800F47009 /* Products */;
			projectDirPath = "";
			projectRoot = "";
			targets = (
				6A66357123E5D58800F47009 /* PopularGithubRepositories */,
				6A66358723E5D58900F47009 /* PopularGithubRepositoriesTests */,
			);
		};
/* End PBXProject section */

/* Begin PBXResourcesBuildPhase section */
		6A66357023E5D58800F47009 /* Resources */ = {
			isa = PBXResourcesBuildPhase;
			buildActionMask = 2147483647;
			files = (
				6A6635E423E75B3900F47009 /* RepositoryTableViewCell.xib in Resources */,
				6A66358223E5D58900F47009 /* LaunchScreen.storyboard in Resources */,
				6A6635DB23E710F800F47009 /* RepositoriesListViewController.xib in Resources */,
				6A66359B23E5D73B00F47009 /* Default-568h@2x.png in Resources */,
				6A66357F23E5D58900F47009 /* Assets.xcassets in Resources */,
			);
			runOnlyForDeploymentPostprocessing = 0;
		};
		6A66358623E5D58900F47009 /* Resources */ = {
			isa = PBXResourcesBuildPhase;
			buildActionMask = 2147483647;
			files = (
			);
			runOnlyForDeploymentPostprocessing = 0;
		};
/* End PBXResourcesBuildPhase section */

/* Begin PBXSourcesBuildPhase section */
		6A66356E23E5D58800F47009 /* Sources */ = {
			isa = PBXSourcesBuildPhase;
			buildActionMask = 2147483647;
			files = (
				6AB260C223E89A5B008B8F51 /* RepositoryDetailsViewModel.swift in Sources */,
				6A6635B023E5E15000F47009 /* URLComponentsExtension.swift in Sources */,
				6A6635DD23E7113200F47009 /* RepositoriesListCoordinator.swift in Sources */,
				6A6635E323E75B3900F47009 /* RepositoryTableViewCell.swift in Sources */,
				6A6635C923E6FC9600F47009 /* RepositoriesListViewModel.swift in Sources */,
				6A6635A923E5E06D00F47009 /* URLSessionProtocol.swift in Sources */,
				6A6635B223E5E26000F47009 /* NetworkServerClient.swift in Sources */,
				6A6635C523E6273000F47009 /* Repository.swift in Sources */,
				6A6635AC23E5E12600F47009 /* URLSessionExtension.swift in Sources */,
				6A66359F23E5DD4500F47009 /* ServiceProtocol.swift in Sources */,
				6A6635A223E5DD8300F47009 /* NetworkEnumComponents.swift in Sources */,
				6A6635D723E70FF300F47009 /* Coordinator.swift in Sources */,
				6A6635CB23E7017600F47009 /* Bindable.swift in Sources */,
				6A6635DA23E710F800F47009 /* RepositoriesListViewController.swift in Sources */,
				6A6635E623E75FC500F47009 /* RepositoryCellViewModel.swift in Sources */,
				6A6635DF23E7130700F47009 /* AppDelegate.swift in Sources */,
				6AB260C423E89E83008B8F51 /* RepositoryDetailsService.swift in Sources */,
				6A6635C723E627FC00F47009 /* Owner.swift in Sources */,
				6A6635C323E626DF00F47009 /* SearchResponse.swift in Sources */,
				6A6635AE23E5E13800F47009 /* URLRequestExtention.swift in Sources */,
				6A6635C123E61E3B00F47009 /* PopularRepositoriesService.swift in Sources */,
				6A6635A523E5DDBD00F47009 /* Typealias.swift in Sources */,
			);
			runOnlyForDeploymentPostprocessing = 0;
		};
		6A66358423E5D58900F47009 /* Sources */ = {
			isa = PBXSourcesBuildPhase;
			buildActionMask = 2147483647;
			files = (
				6A6635B923E617E800F47009 /* URLRequestExtentionTests.swift in Sources */,
				6A6635D423E70ABB00F47009 /* MockData.swift in Sources */,
				6A66358D23E5D58900F47009 /* PopularGithubRepositoriesTests.swift in Sources */,
				6A6635CE23E708BF00F47009 /* BindableTests.swift in Sources */,
				6AB260C723E8A785008B8F51 /* RepositoryDetialsViewModelTests.swift in Sources */,
				6A6635B723E60EFC00F47009 /* URLComponentsExtensionTests.swift in Sources */,
				6A6635D223E7094300F47009 /* RepositoriesListViewModelTests.swift in Sources */,
			);
			runOnlyForDeploymentPostprocessing = 0;
		};
/* End PBXSourcesBuildPhase section */

/* Begin PBXTargetDependency section */
		6A66358A23E5D58900F47009 /* PBXTargetDependency */ = {
			isa = PBXTargetDependency;
			target = 6A66357123E5D58800F47009 /* PopularGithubRepositories */;
			targetProxy = 6A66358923E5D58900F47009 /* PBXContainerItemProxy */;
		};
/* End PBXTargetDependency section */

/* Begin PBXVariantGroup section */
		6A66358023E5D58900F47009 /* LaunchScreen.storyboard */ = {
			isa = PBXVariantGroup;
			children = (
				6A66358123E5D58900F47009 /* Base */,
			);
			name = LaunchScreen.storyboard;
			sourceTree = "<group>";
		};
/* End PBXVariantGroup section */

/* Begin XCBuildConfiguration section */
		6A66358F23E5D58900F47009 /* Debug */ = {
			isa = XCBuildConfiguration;
			buildSettings = {
				ALWAYS_SEARCH_USER_PATHS = NO;
				CLANG_ANALYZER_NONNULL = YES;
				CLANG_ANALYZER_NUMBER_OBJECT_CONVERSION = YES_AGGRESSIVE;
				CLANG_CXX_LANGUAGE_STANDARD = "gnu++14";
				CLANG_CXX_LIBRARY = "libc++";
				CLANG_ENABLE_MODULES = YES;
				CLANG_ENABLE_OBJC_ARC = YES;
				CLANG_ENABLE_OBJC_WEAK = YES;
				CLANG_WARN_BLOCK_CAPTURE_AUTORELEASING = YES;
				CLANG_WARN_BOOL_CONVERSION = YES;
				CLANG_WARN_COMMA = YES;
				CLANG_WARN_CONSTANT_CONVERSION = YES;
				CLANG_WARN_DEPRECATED_OBJC_IMPLEMENTATIONS = YES;
				CLANG_WARN_DIRECT_OBJC_ISA_USAGE = YES_ERROR;
				CLANG_WARN_DOCUMENTATION_COMMENTS = YES;
				CLANG_WARN_EMPTY_BODY = YES;
				CLANG_WARN_ENUM_CONVERSION = YES;
				CLANG_WARN_INFINITE_RECURSION = YES;
				CLANG_WARN_INT_CONVERSION = YES;
				CLANG_WARN_NON_LITERAL_NULL_CONVERSION = YES;
				CLANG_WARN_OBJC_IMPLICIT_RETAIN_SELF = YES;
				CLANG_WARN_OBJC_LITERAL_CONVERSION = YES;
				CLANG_WARN_OBJC_ROOT_CLASS = YES_ERROR;
				CLANG_WARN_RANGE_LOOP_ANALYSIS = YES;
				CLANG_WARN_STRICT_PROTOTYPES = YES;
				CLANG_WARN_SUSPICIOUS_MOVE = YES;
				CLANG_WARN_UNGUARDED_AVAILABILITY = YES_AGGRESSIVE;
				CLANG_WARN_UNREACHABLE_CODE = YES;
				CLANG_WARN__DUPLICATE_METHOD_MATCH = YES;
				COPY_PHASE_STRIP = NO;
				DEBUG_INFORMATION_FORMAT = dwarf;
				ENABLE_STRICT_OBJC_MSGSEND = YES;
				ENABLE_TESTABILITY = YES;
				GCC_C_LANGUAGE_STANDARD = gnu11;
				GCC_DYNAMIC_NO_PIC = NO;
				GCC_NO_COMMON_BLOCKS = YES;
				GCC_OPTIMIZATION_LEVEL = 0;
				GCC_PREPROCESSOR_DEFINITIONS = (
					"DEBUG=1",
					"$(inherited)",
				);
				GCC_WARN_64_TO_32_BIT_CONVERSION = YES;
				GCC_WARN_ABOUT_RETURN_TYPE = YES_ERROR;
				GCC_WARN_UNDECLARED_SELECTOR = YES;
				GCC_WARN_UNINITIALIZED_AUTOS = YES_AGGRESSIVE;
				GCC_WARN_UNUSED_FUNCTION = YES;
				GCC_WARN_UNUSED_VARIABLE = YES;
				IPHONEOS_DEPLOYMENT_TARGET = 13.2;
				MTL_ENABLE_DEBUG_INFO = INCLUDE_SOURCE;
				MTL_FAST_MATH = YES;
				ONLY_ACTIVE_ARCH = YES;
				SDKROOT = iphoneos;
				SWIFT_ACTIVE_COMPILATION_CONDITIONS = DEBUG;
				SWIFT_OPTIMIZATION_LEVEL = "-Onone";
			};
			name = Debug;
		};
		6A66359023E5D58900F47009 /* Release */ = {
			isa = XCBuildConfiguration;
			buildSettings = {
				ALWAYS_SEARCH_USER_PATHS = NO;
				CLANG_ANALYZER_NONNULL = YES;
				CLANG_ANALYZER_NUMBER_OBJECT_CONVERSION = YES_AGGRESSIVE;
				CLANG_CXX_LANGUAGE_STANDARD = "gnu++14";
				CLANG_CXX_LIBRARY = "libc++";
				CLANG_ENABLE_MODULES = YES;
				CLANG_ENABLE_OBJC_ARC = YES;
				CLANG_ENABLE_OBJC_WEAK = YES;
				CLANG_WARN_BLOCK_CAPTURE_AUTORELEASING = YES;
				CLANG_WARN_BOOL_CONVERSION = YES;
				CLANG_WARN_COMMA = YES;
				CLANG_WARN_CONSTANT_CONVERSION = YES;
				CLANG_WARN_DEPRECATED_OBJC_IMPLEMENTATIONS = YES;
				CLANG_WARN_DIRECT_OBJC_ISA_USAGE = YES_ERROR;
				CLANG_WARN_DOCUMENTATION_COMMENTS = YES;
				CLANG_WARN_EMPTY_BODY = YES;
				CLANG_WARN_ENUM_CONVERSION = YES;
				CLANG_WARN_INFINITE_RECURSION = YES;
				CLANG_WARN_INT_CONVERSION = YES;
				CLANG_WARN_NON_LITERAL_NULL_CONVERSION = YES;
				CLANG_WARN_OBJC_IMPLICIT_RETAIN_SELF = YES;
				CLANG_WARN_OBJC_LITERAL_CONVERSION = YES;
				CLANG_WARN_OBJC_ROOT_CLASS = YES_ERROR;
				CLANG_WARN_RANGE_LOOP_ANALYSIS = YES;
				CLANG_WARN_STRICT_PROTOTYPES = YES;
				CLANG_WARN_SUSPICIOUS_MOVE = YES;
				CLANG_WARN_UNGUARDED_AVAILABILITY = YES_AGGRESSIVE;
				CLANG_WARN_UNREACHABLE_CODE = YES;
				CLANG_WARN__DUPLICATE_METHOD_MATCH = YES;
				COPY_PHASE_STRIP = NO;
				DEBUG_INFORMATION_FORMAT = "dwarf-with-dsym";
				ENABLE_NS_ASSERTIONS = NO;
				ENABLE_STRICT_OBJC_MSGSEND = YES;
				GCC_C_LANGUAGE_STANDARD = gnu11;
				GCC_NO_COMMON_BLOCKS = YES;
				GCC_WARN_64_TO_32_BIT_CONVERSION = YES;
				GCC_WARN_ABOUT_RETURN_TYPE = YES_ERROR;
				GCC_WARN_UNDECLARED_SELECTOR = YES;
				GCC_WARN_UNINITIALIZED_AUTOS = YES_AGGRESSIVE;
				GCC_WARN_UNUSED_FUNCTION = YES;
				GCC_WARN_UNUSED_VARIABLE = YES;
				IPHONEOS_DEPLOYMENT_TARGET = 13.2;
				MTL_ENABLE_DEBUG_INFO = NO;
				MTL_FAST_MATH = YES;
				SDKROOT = iphoneos;
				SWIFT_COMPILATION_MODE = wholemodule;
				SWIFT_OPTIMIZATION_LEVEL = "-O";
				VALIDATE_PRODUCT = YES;
			};
			name = Release;
		};
		6A66359223E5D58900F47009 /* Debug */ = {
			isa = XCBuildConfiguration;
			buildSettings = {
				ASSETCATALOG_COMPILER_APPICON_NAME = AppIcon;
				CODE_SIGN_STYLE = Automatic;
				DEVELOPMENT_TEAM = MW98PXXQAT;
				INFOPLIST_FILE = PopularGithubRepositories/Application/Info.plist;
				IPHONEOS_DEPLOYMENT_TARGET = 11.0;
				LD_RUNPATH_SEARCH_PATHS = (
					"$(inherited)",
					"@executable_path/Frameworks",
				);
				PRODUCT_BUNDLE_IDENTIFIER = com.PopularGithubRepositories;
				PRODUCT_NAME = "$(TARGET_NAME)";
				SWIFT_VERSION = 5.0;
				TARGETED_DEVICE_FAMILY = 1;
			};
			name = Debug;
		};
		6A66359323E5D58900F47009 /* Release */ = {
			isa = XCBuildConfiguration;
			buildSettings = {
				ASSETCATALOG_COMPILER_APPICON_NAME = AppIcon;
				CODE_SIGN_STYLE = Automatic;
				DEVELOPMENT_TEAM = MW98PXXQAT;
				INFOPLIST_FILE = PopularGithubRepositories/Application/Info.plist;
				IPHONEOS_DEPLOYMENT_TARGET = 11.0;
				LD_RUNPATH_SEARCH_PATHS = (
					"$(inherited)",
					"@executable_path/Frameworks",
				);
				PRODUCT_BUNDLE_IDENTIFIER = com.PopularGithubRepositories;
				PRODUCT_NAME = "$(TARGET_NAME)";
				SWIFT_VERSION = 5.0;
				TARGETED_DEVICE_FAMILY = 1;
			};
			name = Release;
		};
		6A66359523E5D58900F47009 /* Debug */ = {
			isa = XCBuildConfiguration;
			buildSettings = {
				ALWAYS_EMBED_SWIFT_STANDARD_LIBRARIES = YES;
				BUNDLE_LOADER = "$(TEST_HOST)";
				CODE_SIGN_STYLE = Automatic;
				DEVELOPMENT_TEAM = MW98PXXQAT;
				INFOPLIST_FILE = PopularGithubRepositoriesTests/Info.plist;
				IPHONEOS_DEPLOYMENT_TARGET = 13.2;
				LD_RUNPATH_SEARCH_PATHS = (
					"$(inherited)",
					"@executable_path/Frameworks",
					"@loader_path/Frameworks",
				);
				PRODUCT_BUNDLE_IDENTIFIER = com.PopularGithubRepositoriesTests;
				PRODUCT_NAME = "$(TARGET_NAME)";
				SWIFT_VERSION = 5.0;
				TARGETED_DEVICE_FAMILY = "1,2";
				TEST_HOST = "$(BUILT_PRODUCTS_DIR)/PopularGithubRepositories.app/PopularGithubRepositories";
			};
			name = Debug;
		};
		6A66359623E5D58900F47009 /* Release */ = {
			isa = XCBuildConfiguration;
			buildSettings = {
				ALWAYS_EMBED_SWIFT_STANDARD_LIBRARIES = YES;
				BUNDLE_LOADER = "$(TEST_HOST)";
				CODE_SIGN_STYLE = Automatic;
				DEVELOPMENT_TEAM = MW98PXXQAT;
				INFOPLIST_FILE = PopularGithubRepositoriesTests/Info.plist;
				IPHONEOS_DEPLOYMENT_TARGET = 13.2;
				LD_RUNPATH_SEARCH_PATHS = (
					"$(inherited)",
					"@executable_path/Frameworks",
					"@loader_path/Frameworks",
				);
				PRODUCT_BUNDLE_IDENTIFIER = com.PopularGithubRepositoriesTests;
				PRODUCT_NAME = "$(TARGET_NAME)";
				SWIFT_VERSION = 5.0;
				TARGETED_DEVICE_FAMILY = "1,2";
				TEST_HOST = "$(BUILT_PRODUCTS_DIR)/PopularGithubRepositories.app/PopularGithubRepositories";
			};
			name = Release;
		};
/* End XCBuildConfiguration section */

/* Begin XCConfigurationList section */
		6A66356D23E5D58800F47009 /* Build configuration list for PBXProject "PopularGithubRepositories" */ = {
			isa = XCConfigurationList;
			buildConfigurations = (
				6A66358F23E5D58900F47009 /* Debug */,
				6A66359023E5D58900F47009 /* Release */,
			);
			defaultConfigurationIsVisible = 0;
			defaultConfigurationName = Release;
		};
		6A66359123E5D58900F47009 /* Build configuration list for PBXNativeTarget "PopularGithubRepositories" */ = {
			isa = XCConfigurationList;
			buildConfigurations = (
				6A66359223E5D58900F47009 /* Debug */,
				6A66359323E5D58900F47009 /* Release */,
			);
			defaultConfigurationIsVisible = 0;
			defaultConfigurationName = Release;
		};
		6A66359423E5D58900F47009 /* Build configuration list for PBXNativeTarget "PopularGithubRepositoriesTests" */ = {
			isa = XCConfigurationList;
			buildConfigurations = (
				6A66359523E5D58900F47009 /* Debug */,
				6A66359623E5D58900F47009 /* Release */,
			);
			defaultConfigurationIsVisible = 0;
			defaultConfigurationName = Release;
		};
/* End XCConfigurationList section */

/* Begin XCRemoteSwiftPackageReference section */
		6A6635E723E76F4D00F47009 /* XCRemoteSwiftPackageReference "Nuke" */ = {
			isa = XCRemoteSwiftPackageReference;
			repositoryURL = "https://github.com/kean/Nuke";
			requirement = {
				kind = upToNextMajorVersion;
				minimumVersion = 8.4.0;
			};
		};
/* End XCRemoteSwiftPackageReference section */

/* Begin XCSwiftPackageProductDependency section */
		6A6635E823E76F4D00F47009 /* Nuke */ = {
			isa = XCSwiftPackageProductDependency;
			package = 6A6635E723E76F4D00F47009 /* XCRemoteSwiftPackageReference "Nuke" */;
			productName = Nuke;
		};
/* End XCSwiftPackageProductDependency section */
	};
	rootObject = 6A66356A23E5D58800F47009 /* Project object */;
}
